
Microsoft Visual Studio Solution File, Format Version 12.00
# Visual Studio Version 17
VisualStudioVersion = 17.3.32922.545
MinimumVisualStudioVersion = 10.0.40219.1
Project("{2150E333-8FDC-42A3-9474-1A3956D46DE8}") = "BE", "BE", "{7A7AC613-CA75-453E-A46B-25C8556CE20F}"
EndProject
Project("{2150E333-8FDC-42A3-9474-1A3956D46DE8}") = "FE", "FE", "{FBCF32E3-80F7-47F8-B232-92FA6DACC408}"
EndProject
Project("{2150E333-8FDC-42A3-9474-1A3956D46DE8}") = "src", "src", "{37FC7973-53AE-4257-A1BD-45065FA5550E}"
	ProjectSection(SolutionItems) = preProject
		BE\src\docker-compose.yml = BE\src\docker-compose.yml
	EndProjectSection
EndProject
Project("{2150E333-8FDC-42A3-9474-1A3956D46DE8}") = "tests", "tests", "{9B28DB4F-74AB-41E5-AAF0-FE75216EA0E6}"
EndProject
Project("{2150E333-8FDC-42A3-9474-1A3956D46DE8}") = "BankDemo.Api", "BankDemo.Api", "{9CCE4738-4E8A-4CA9-B792-C53EE331953E}"
EndProject
Project("{2150E333-8FDC-42A3-9474-1A3956D46DE8}") = "InterBankSettlement.Api", "InterBankSettlement.Api", "{E58E403D-DC92-401B-B4D4-80D92D14EBB7}"
EndProject
Project("{9A19103F-16F7-4668-BE54-9A1E7A4F7556}") = "BankDemo.Api", "BE\src\BankDemo.Api\BankDemo.Api.csproj", "{EC7124C2-427F-419A-AEA5-691E88EC7E4A}"
EndProject
Project("{9A19103F-16F7-4668-BE54-9A1E7A4F7556}") = "InterBankSettlement.Api", "BE\src\InterBankSettlement.Api\InterBankSettlement.Api.csproj", "{E93E8590-E798-4EB8-927D-E15596AC3F0C}"
EndProject
Project("{2150E333-8FDC-42A3-9474-1A3956D46DE8}") = "Shared", "Shared", "{CFEF5D9B-6250-4567-B1B1-E51194FBC5FB}"
EndProject
Project("{9A19103F-16F7-4668-BE54-9A1E7A4F7556}") = "BankDemo.Infrastructure", "BE\src\Shared\BankDemo.Infrastructure\BankDemo.Infrastructure.csproj", "{3CBE19C2-8B28-4299-8083-1E642886118A}"
EndProject
Project("{FAE04EC0-301F-11D3-BF4B-00C04F79EFBC}") = "BankDemo.Data", "BE\src\Shared\BankDemo.Data\BankDemo.Data\BankDemo.Data.csproj", "{B26CD0F9-34A8-45F2-AB48-F15FA5B2552E}"
EndProject
Global
	GlobalSection(SolutionConfigurationPlatforms) = preSolution
		Debug|Any CPU = Debug|Any CPU
		Release|Any CPU = Release|Any CPU
	EndGlobalSection
	GlobalSection(ProjectConfigurationPlatforms) = postSolution
		{EC7124C2-427F-419A-AEA5-691E88EC7E4A}.Debug|Any CPU.ActiveCfg = Debug|Any CPU
		{EC7124C2-427F-419A-AEA5-691E88EC7E4A}.Debug|Any CPU.Build.0 = Debug|Any CPU
		{EC7124C2-427F-419A-AEA5-691E88EC7E4A}.Release|Any CPU.ActiveCfg = Release|Any CPU
		{EC7124C2-427F-419A-AEA5-691E88EC7E4A}.Release|Any CPU.Build.0 = Release|Any CPU
		{E93E8590-E798-4EB8-927D-E15596AC3F0C}.Debug|Any CPU.ActiveCfg = Debug|Any CPU
		{E93E8590-E798-4EB8-927D-E15596AC3F0C}.Debug|Any CPU.Build.0 = Debug|Any CPU
		{E93E8590-E798-4EB8-927D-E15596AC3F0C}.Release|Any CPU.ActiveCfg = Release|Any CPU
		{E93E8590-E798-4EB8-927D-E15596AC3F0C}.Release|Any CPU.Build.0 = Release|Any CPU
		{3CBE19C2-8B28-4299-8083-1E642886118A}.Debug|Any CPU.ActiveCfg = Debug|Any CPU
		{3CBE19C2-8B28-4299-8083-1E642886118A}.Debug|Any CPU.Build.0 = Debug|Any CPU
		{3CBE19C2-8B28-4299-8083-1E642886118A}.Release|Any CPU.ActiveCfg = Release|Any CPU
		{3CBE19C2-8B28-4299-8083-1E642886118A}.Release|Any CPU.Build.0 = Release|Any CPU
		{B26CD0F9-34A8-45F2-AB48-F15FA5B2552E}.Debug|Any CPU.ActiveCfg = Debug|Any CPU
		{B26CD0F9-34A8-45F2-AB48-F15FA5B2552E}.Debug|Any CPU.Build.0 = Debug|Any CPU
		{B26CD0F9-34A8-45F2-AB48-F15FA5B2552E}.Release|Any CPU.ActiveCfg = Release|Any CPU
		{B26CD0F9-34A8-45F2-AB48-F15FA5B2552E}.Release|Any CPU.Build.0 = Release|Any CPU
	EndGlobalSection
	GlobalSection(SolutionProperties) = preSolution
		HideSolutionNode = FALSE
	EndGlobalSection
	GlobalSection(NestedProjects) = preSolution
		{37FC7973-53AE-4257-A1BD-45065FA5550E} = {7A7AC613-CA75-453E-A46B-25C8556CE20F}
		{9B28DB4F-74AB-41E5-AAF0-FE75216EA0E6} = {7A7AC613-CA75-453E-A46B-25C8556CE20F}
		{9CCE4738-4E8A-4CA9-B792-C53EE331953E} = {37FC7973-53AE-4257-A1BD-45065FA5550E}
		{E58E403D-DC92-401B-B4D4-80D92D14EBB7} = {37FC7973-53AE-4257-A1BD-45065FA5550E}
		{EC7124C2-427F-419A-AEA5-691E88EC7E4A} = {9CCE4738-4E8A-4CA9-B792-C53EE331953E}
		{E93E8590-E798-4EB8-927D-E15596AC3F0C} = {E58E403D-DC92-401B-B4D4-80D92D14EBB7}
		{CFEF5D9B-6250-4567-B1B1-E51194FBC5FB} = {37FC7973-53AE-4257-A1BD-45065FA5550E}
		{3CBE19C2-8B28-4299-8083-1E642886118A} = {CFEF5D9B-6250-4567-B1B1-E51194FBC5FB}
		{B26CD0F9-34A8-45F2-AB48-F15FA5B2552E} = {CFEF5D9B-6250-4567-B1B1-E51194FBC5FB}
	EndGlobalSection
	GlobalSection(ExtensibilityGlobals) = postSolution
		SolutionGuid = {0889C37B-FEDC-4B2C-8FF9-EFFAC84B9E70}
	EndGlobalSection
EndGlobal
