
Microsoft Visual Studio Solution File, Format Version 12.00
# Visual Studio Version 17
VisualStudioVersion = 17.3.32922.545
MinimumVisualStudioVersion = 10.0.40219.1
Project("{2150E333-8FDC-42A3-9474-1A3956D46DE8}") = "BE", "BE", "{7A7AC613-CA75-453E-A46B-25C8556CE20F}"
EndProject
Project("{2150E333-8FDC-42A3-9474-1A3956D46DE8}") = "FE", "FE", "{FBCF32E3-80F7-47F8-B232-92FA6DACC408}"
EndProject
Project("{2150E333-8FDC-42A3-9474-1A3956D46DE8}") = "src", "src", "{37FC7973-53AE-4257-A1BD-45065FA5550E}"
EndProject
Project("{2150E333-8FDC-42A3-9474-1A3956D46DE8}") = "tests", "tests", "{9B28DB4F-74AB-41E5-AAF0-FE75216EA0E6}"
EndProject
Project("{2150E333-8FDC-42A3-9474-1A3956D46DE8}") = "BankDemo.Api", "BankDemo.Api", "{9CCE4738-4E8A-4CA9-B792-C53EE331953E}"
	ProjectSection(SolutionItems) = preProject
		BE\src\BankDemo.Api\Dockerfile = BE\src\BankDemo.Api\Dockerfile
	EndProjectSection
EndProject
Project("{2150E333-8FDC-42A3-9474-1A3956D46DE8}") = "Code", "Code", "{FB3A72A1-CE0B-4FDC-AB7D-3AAA126FDA86}"
EndProject
Project("{9A19103F-16F7-4668-BE54-9A1E7A4F7556}") = "BankDemo.Api", "BE\src\BankDemo.Api\Code\BankDemo.Api.csproj", "{A99A1E0A-3314-427F-BFA5-24AC2C5B7567}"
EndProject
Project("{2150E333-8FDC-42A3-9474-1A3956D46DE8}") = "InterBankSettlement.Api", "InterBankSettlement.Api", "{E58E403D-DC92-401B-B4D4-80D92D14EBB7}"
EndProject
Project("{FAE04EC0-301F-11D3-BF4B-00C04F79EFBC}") = "InterBankSettlement.Api", "BE\src\InterBankSettlement.Api\Code\InterBankSettlement.Api\InterBankSettlement.Api.csproj", "{E381ECB0-75A0-4FA1-8B34-5E422A452DB5}"
EndProject
Global
	GlobalSection(SolutionConfigurationPlatforms) = preSolution
		Debug|Any CPU = Debug|Any CPU
		Release|Any CPU = Release|Any CPU
	EndGlobalSection
	GlobalSection(ProjectConfigurationPlatforms) = postSolution
		{A99A1E0A-3314-427F-BFA5-24AC2C5B7567}.Debug|Any CPU.ActiveCfg = Debug|Any CPU
		{A99A1E0A-3314-427F-BFA5-24AC2C5B7567}.Debug|Any CPU.Build.0 = Debug|Any CPU
		{A99A1E0A-3314-427F-BFA5-24AC2C5B7567}.Release|Any CPU.ActiveCfg = Release|Any CPU
		{A99A1E0A-3314-427F-BFA5-24AC2C5B7567}.Release|Any CPU.Build.0 = Release|Any CPU
		{E381ECB0-75A0-4FA1-8B34-5E422A452DB5}.Debug|Any CPU.ActiveCfg = Debug|Any CPU
		{E381ECB0-75A0-4FA1-8B34-5E422A452DB5}.Debug|Any CPU.Build.0 = Debug|Any CPU
		{E381ECB0-75A0-4FA1-8B34-5E422A452DB5}.Release|Any CPU.ActiveCfg = Release|Any CPU
		{E381ECB0-75A0-4FA1-8B34-5E422A452DB5}.Release|Any CPU.Build.0 = Release|Any CPU
	EndGlobalSection
	GlobalSection(SolutionProperties) = preSolution
		HideSolutionNode = FALSE
	EndGlobalSection
	GlobalSection(NestedProjects) = preSolution
		{37FC7973-53AE-4257-A1BD-45065FA5550E} = {7A7AC613-CA75-453E-A46B-25C8556CE20F}
		{9B28DB4F-74AB-41E5-AAF0-FE75216EA0E6} = {7A7AC613-CA75-453E-A46B-25C8556CE20F}
		{9CCE4738-4E8A-4CA9-B792-C53EE331953E} = {37FC7973-53AE-4257-A1BD-45065FA5550E}
		{FB3A72A1-CE0B-4FDC-AB7D-3AAA126FDA86} = {9CCE4738-4E8A-4CA9-B792-C53EE331953E}
		{A99A1E0A-3314-427F-BFA5-24AC2C5B7567} = {FB3A72A1-CE0B-4FDC-AB7D-3AAA126FDA86}
		{E58E403D-DC92-401B-B4D4-80D92D14EBB7} = {37FC7973-53AE-4257-A1BD-45065FA5550E}
		{E381ECB0-75A0-4FA1-8B34-5E422A452DB5} = {E58E403D-DC92-401B-B4D4-80D92D14EBB7}
	EndGlobalSection
	GlobalSection(ExtensibilityGlobals) = postSolution
		SolutionGuid = {0889C37B-FEDC-4B2C-8FF9-EFFAC84B9E70}
	EndGlobalSection
EndGlobal
